
Microsoft Visual Studio Solution File, Format Version 12.00
# Visual Studio Version 16
VisualStudioVersion = 16.0.31410.357
MinimumVisualStudioVersion = 10.0.40219.1
Project("{FAE04EC0-301F-11D3-BF4B-00C04F79EFBC}") = "CryptoApp", "CryptoApp\CryptoApp.csproj", "{065ADE1F-E0BE-4073-88E0-0985C99509C0}"
EndProject
Global
	GlobalSection(SolutionConfigurationPlatforms) = preSolution
		Debug|Any CPU = Debug|Any CPU
		Release|Any CPU = Release|Any CPU
	EndGlobalSection
	GlobalSection(ProjectConfigurationPlatforms) = postSolution
		{065ADE1F-E0BE-4073-88E0-0985C99509C0}.Debug|Any CPU.ActiveCfg = Debug|Any CPU
		{065ADE1F-E0BE-4073-88E0-0985C99509C0}.Debug|Any CPU.Build.0 = Debug|Any CPU
		{065ADE1F-E0BE-4073-88E0-0985C99509C0}.Release|Any CPU.ActiveCfg = Release|Any CPU
		{065ADE1F-E0BE-4073-88E0-0985C99509C0}.Release|Any CPU.Build.0 = Release|Any CPU
	EndGlobalSection
	GlobalSection(SolutionProperties) = preSolution
		HideSolutionNode = FALSE
	EndGlobalSection
	GlobalSection(ExtensibilityGlobals) = postSolution
		SolutionGuid = {50D14FBD-7B30-415E-9555-3266DD6790BB}
	EndGlobalSection
EndGlobal
